
Microsoft Visual Studio Solution File, Format Version 12.00
# Visual Studio Version 17
VisualStudioVersion = 17.12.35707.178
MinimumVisualStudioVersion = 10.0.40219.1
Project("{FAE04EC0-301F-11D3-BF4B-00C04F79EFBC}") = "FinanceNow.Domain", "FinanceNow.Domain\FinanceNow.Domain.csproj", "{9E554F75-D20C-471F-B768-9E7DD4EC03DF}"
EndProject
Project("{FAE04EC0-301F-11D3-BF4B-00C04F79EFBC}") = "FinanceNow.Application", "FinanceNow.Application\FinanceNow.Application.csproj", "{25A03BFC-4148-4DDD-865F-171B2186C319}"
EndProject
Project("{FAE04EC0-301F-11D3-BF4B-00C04F79EFBC}") = "FinanceNow.Infra", "FinanceNow.Infra\FinanceNow.Infra.csproj", "{DF5F15FD-CFD8-4E5E-AE5B-CF35CC8F6512}"
EndProject
Project("{FAE04EC0-301F-11D3-BF4B-00C04F79EFBC}") = "FinanceNow.IoC", "FinanceNow.IoC\FinanceNow.IoC.csproj", "{E7A66886-08B5-451E-A225-CE6C2EF90938}"
EndProject
Project("{FAE04EC0-301F-11D3-BF4B-00C04F79EFBC}") = "FinanceNow.Test", "FinanceNow.Test\FinanceNow.Test.csproj", "{48C4458F-20E4-48A0-B78F-B6A00FA3226B}"
EndProject
Project("{FAE04EC0-301F-11D3-BF4B-00C04F79EFBC}") = "FinanceNow.API", "FinanceNow.API\FinanceNow.API.csproj", "{3B74AF95-C5B8-49B4-A1F0-B1FA8D6C0D97}"
EndProject
Global
	GlobalSection(SolutionConfigurationPlatforms) = preSolution
		Debug|Any CPU = Debug|Any CPU
		Release|Any CPU = Release|Any CPU
	EndGlobalSection
	GlobalSection(ProjectConfigurationPlatforms) = postSolution
		{9E554F75-D20C-471F-B768-9E7DD4EC03DF}.Debug|Any CPU.ActiveCfg = Debug|Any CPU
		{9E554F75-D20C-471F-B768-9E7DD4EC03DF}.Debug|Any CPU.Build.0 = Debug|Any CPU
		{9E554F75-D20C-471F-B768-9E7DD4EC03DF}.Release|Any CPU.ActiveCfg = Release|Any CPU
		{9E554F75-D20C-471F-B768-9E7DD4EC03DF}.Release|Any CPU.Build.0 = Release|Any CPU
		{25A03BFC-4148-4DDD-865F-171B2186C319}.Debug|Any CPU.ActiveCfg = Debug|Any CPU
		{25A03BFC-4148-4DDD-865F-171B2186C319}.Debug|Any CPU.Build.0 = Debug|Any CPU
		{25A03BFC-4148-4DDD-865F-171B2186C319}.Release|Any CPU.ActiveCfg = Release|Any CPU
		{25A03BFC-4148-4DDD-865F-171B2186C319}.Release|Any CPU.Build.0 = Release|Any CPU
		{DF5F15FD-CFD8-4E5E-AE5B-CF35CC8F6512}.Debug|Any CPU.ActiveCfg = Debug|Any CPU
		{DF5F15FD-CFD8-4E5E-AE5B-CF35CC8F6512}.Debug|Any CPU.Build.0 = Debug|Any CPU
		{DF5F15FD-CFD8-4E5E-AE5B-CF35CC8F6512}.Release|Any CPU.ActiveCfg = Release|Any CPU
		{DF5F15FD-CFD8-4E5E-AE5B-CF35CC8F6512}.Release|Any CPU.Build.0 = Release|Any CPU
		{E7A66886-08B5-451E-A225-CE6C2EF90938}.Debug|Any CPU.ActiveCfg = Debug|Any CPU
		{E7A66886-08B5-451E-A225-CE6C2EF90938}.Debug|Any CPU.Build.0 = Debug|Any CPU
		{E7A66886-08B5-451E-A225-CE6C2EF90938}.Release|Any CPU.ActiveCfg = Release|Any CPU
		{E7A66886-08B5-451E-A225-CE6C2EF90938}.Release|Any CPU.Build.0 = Release|Any CPU
		{48C4458F-20E4-48A0-B78F-B6A00FA3226B}.Debug|Any CPU.ActiveCfg = Debug|Any CPU
		{48C4458F-20E4-48A0-B78F-B6A00FA3226B}.Debug|Any CPU.Build.0 = Debug|Any CPU
		{48C4458F-20E4-48A0-B78F-B6A00FA3226B}.Release|Any CPU.ActiveCfg = Release|Any CPU
		{48C4458F-20E4-48A0-B78F-B6A00FA3226B}.Release|Any CPU.Build.0 = Release|Any CPU
		{3B74AF95-C5B8-49B4-A1F0-B1FA8D6C0D97}.Debug|Any CPU.ActiveCfg = Debug|Any CPU
		{3B74AF95-C5B8-49B4-A1F0-B1FA8D6C0D97}.Debug|Any CPU.Build.0 = Debug|Any CPU
		{3B74AF95-C5B8-49B4-A1F0-B1FA8D6C0D97}.Release|Any CPU.ActiveCfg = Release|Any CPU
		{3B74AF95-C5B8-49B4-A1F0-B1FA8D6C0D97}.Release|Any CPU.Build.0 = Release|Any CPU
	EndGlobalSection
	GlobalSection(SolutionProperties) = preSolution
		HideSolutionNode = FALSE
	EndGlobalSection
EndGlobal
